
Microsoft Visual Studio Solution File, Format Version 12.00
# Visual Studio Version 17
VisualStudioVersion = 17.8.34330.188
MinimumVisualStudioVersion = 10.0.40219.1
Project("{FAE04EC0-301F-11D3-BF4B-00C04F79EFBC}") = "AzureServiceBus", "AzureServiceBus.csproj", "{196CAFF6-C819-489F-B073-9F25002F7124}"
EndProject
Global
	GlobalSection(SolutionConfigurationPlatforms) = preSolution
		Debug|Any CPU = Debug|Any CPU
		Release|Any CPU = Release|Any CPU
	EndGlobalSection
	GlobalSection(ProjectConfigurationPlatforms) = postSolution
		{196CAFF6-C819-489F-B073-9F25002F7124}.Debug|Any CPU.ActiveCfg = Debug|Any CPU
		{196CAFF6-C819-489F-B073-9F25002F7124}.Debug|Any CPU.Build.0 = Debug|Any CPU
		{196CAFF6-C819-489F-B073-9F25002F7124}.Release|Any CPU.ActiveCfg = Release|Any CPU
		{196CAFF6-C819-489F-B073-9F25002F7124}.Release|Any CPU.Build.0 = Release|Any CPU
	EndGlobalSection
	GlobalSection(SolutionProperties) = preSolution
		HideSolutionNode = FALSE
	EndGlobalSection
	GlobalSection(ExtensibilityGlobals) = postSolution
		SolutionGuid = {61A7B1E1-60E9-4B19-B2F1-5D8A5E4C65D5}
	EndGlobalSection
EndGlobal
